
Microsoft Visual Studio Solution File, Format Version 12.00
# Visual Studio 2012
Project("{FAE04EC0-301F-11D3-BF4B-00C04F79EFBC}") = "DeidreFinal", "DeidreFinal\DeidreFinal.csproj", "{043DFD0B-7B39-4AC2-A511-12921B882A9B}"
EndProject
Project("{FAE04EC0-301F-11D3-BF4B-00C04F79EFBC}") = "DAL_Project", "DAL_Project\DAL_Project.csproj", "{B418D048-A0BA-4D86-9ECC-C9FC5EFD356D}"
EndProject
Project("{FAE04EC0-301F-11D3-BF4B-00C04F79EFBC}") = "FinalClassLibrary", "FinalClassLibrary\FinalClassLibrary.csproj", "{E1686C46-8425-4B70-9E5C-7DCB442366B5}"
EndProject
Project("{2150E333-8FDC-42A3-9474-1A3956D46DE8}") = "Solution Items", "Solution Items", "{30B2027E-43CC-4A2F-AF7D-84479B422EAF}"
	ProjectSection(SolutionItems) = preProject
		dbDeidreFinalAssign.sql = dbDeidreFinalAssign.sql
	EndProjectSection
EndProject
Global
	GlobalSection(SolutionConfigurationPlatforms) = preSolution
		Debug|Any CPU = Debug|Any CPU
		Release|Any CPU = Release|Any CPU
	EndGlobalSection
	GlobalSection(ProjectConfigurationPlatforms) = postSolution
		{043DFD0B-7B39-4AC2-A511-12921B882A9B}.Debug|Any CPU.ActiveCfg = Debug|Any CPU
		{043DFD0B-7B39-4AC2-A511-12921B882A9B}.Debug|Any CPU.Build.0 = Debug|Any CPU
		{043DFD0B-7B39-4AC2-A511-12921B882A9B}.Release|Any CPU.ActiveCfg = Release|Any CPU
		{043DFD0B-7B39-4AC2-A511-12921B882A9B}.Release|Any CPU.Build.0 = Release|Any CPU
		{B418D048-A0BA-4D86-9ECC-C9FC5EFD356D}.Debug|Any CPU.ActiveCfg = Debug|Any CPU
		{B418D048-A0BA-4D86-9ECC-C9FC5EFD356D}.Debug|Any CPU.Build.0 = Debug|Any CPU
		{B418D048-A0BA-4D86-9ECC-C9FC5EFD356D}.Release|Any CPU.ActiveCfg = Release|Any CPU
		{B418D048-A0BA-4D86-9ECC-C9FC5EFD356D}.Release|Any CPU.Build.0 = Release|Any CPU
		{E1686C46-8425-4B70-9E5C-7DCB442366B5}.Debug|Any CPU.ActiveCfg = Debug|Any CPU
		{E1686C46-8425-4B70-9E5C-7DCB442366B5}.Debug|Any CPU.Build.0 = Debug|Any CPU
		{E1686C46-8425-4B70-9E5C-7DCB442366B5}.Release|Any CPU.ActiveCfg = Release|Any CPU
		{E1686C46-8425-4B70-9E5C-7DCB442366B5}.Release|Any CPU.Build.0 = Release|Any CPU
	EndGlobalSection
	GlobalSection(SolutionProperties) = preSolution
		HideSolutionNode = FALSE
	EndGlobalSection
EndGlobal
